cloud.google.com/go v0.26.0/go.mod h1:aQUYkXzVsufM+DwF1aE+0xfcU+56JwCaLick0ClmMTw=
github.com/BurntSushi/toml v0.3.1/go.mod h1:xHWCNGjB5oqiDr8zfno3MHue2Ht5sIBksp03qcyfWMU=
github.com/TykTechnologies/concurrent-map v0.0.0-20160908201409-7de59d53fd5c h1:3Z9f8SxMEDsUTRILrSG7NzkF8d0zRzfNm6Cy7GsbFC8=
github.com/TykTechnologies/concurrent-map v0.0.0-20160908201409-7de59d53fd5c/go.mod h1:8hNDL3WHhlNtAoBLaP7Ux1DlVdJJkUum5LgDS2Hn5RQ=
github.com/TykTechnologies/drl v0.0.0-20161102104253-434bbccf78ee h1:orAP/cXHHoWjopczZ2N+hkdRJHiMvFGITaE6lPkRXaA=
github.com/TykTechnologies/drl v0.0.0-20161102104253-434bbccf78ee/go.mod h1:dLW6S3KuurRuyluxy33i57uYuTB1s/u+L8mCT0fqb98=
github.com/TykTechnologies/goagain v0.0.0-20160822113205-ad727fe0cb5f h1:0ddLMuQLt5ZJ0iW/VhrUr3s85if7ibw6kG0aVaRlUo4=
github.com/TykTechnologies/goagain v0.0.0-20160822113205-ad727fe0cb5f/go.mod h1:7wFkdrcOG8vyL5hmSkgPZNivMU9BSMCOQ3XdsIynu1w=
github.com/TykTechnologies/goverify v0.0.0-20160822133757-7ccc57452ade h1:tFUV86NDnfMY4Au+EJHGJx0Rton8xdOLEh1aT+j6XBk=
github.com/TykTechnologies/goverify v0.0.0-20160822133757-7ccc57452ade/go.mod h1:mkS8jKcz8otdfEXhJs1QQ/DKoIY1NFFsRPKS0RwQENI=
github.com/TykTechnologies/leakybucket v0.0.0-20160829160034-3b5c18f866db h1:6ZM1M3pfH371Z/CAqsaujMDb2ccuRPAUCSlras+Vp+0=
github.com/TykTechnologies/leakybucket v0.0.0-20160829160034-3b5c18f866db/go.mod h1:GnHUbsQx+ysI10osPhUdTmsxcE7ef64cVp38Fdyd7e0=
github.com/TykTechnologies/logrus v0.11.1-0.20161201171239-55ff0f4b9b3d h1:a7eZZ9hcO4km+hZUES9Gl5arWH+jROugKPXcq7XI+64=
github.com/TykTechnologies/logrus v0.11.1-0.20161201171239-55ff0f4b9b3d/go.mod h1:EcLfVrQ+2zJYW2OpH1cCKVm7kXMsvHCAietI9LJek/Y=
github.com/TykTechnologies/logrus-logstash-hook v0.0.0-20161201171059-887d1c57c3e2 h1:jLfgu3sy+9zF/GxSvyqPM+lOlTYzhDfU/9we526J/uI=
github.com/TykTechnologies/logrus-logstash-hook v0.0.0-20161201171059-887d1c57c3e2/go.mod h1:aTdPuJJo4nE1f1lF+9PfF9sxCzM1QfK3HA+5R4L0WfI=
github.com/TykTechnologies/logrus-prefixed-formatter v0.0.0-20161201171121-85209afb73a6 h1:kOZNPu/BG8QaV7+yAmIyq4dpwNgwmR/OzVRwRt/dwJ4=
github.com/TykTechnologies/logrus-prefixed-formatter v0.0.0-20161201171121-85209afb73a6/go.mod h1:fRPet6cksyzC+7LjW6tbg+LxM2zxkFCTpSy00C/aFFg=
github.com/TykTechnologies/logrus_sentry v0.2.8-0.20161201171301-0a1e372147f5 h1:/3osTdTRrVL0lvixgfdvNDnekWrvCH3gvW2KxFObJ5Q=
github.com/TykTechnologies/logrus_sentry v0.2.8-0.20161201171301-0a1e372147f5/go.mod h1:3rUyiW9qg+wQzCZJqSwFLvSTGNuFBmHlAt89DQI+Inw=
github.com/TykTechnologies/openid2go v0.0.0-20160817213554-aab5ce1231ab h1:mDQXuVURkWTbTPlxOWom6c68xdWzp6HQeWAEqv4l7Vo=
github.com/TykTechnologies/openid2go v0.0.0-20160817213554-aab5ce1231ab/go.mod h1:rGlqNE4CvxZIeiHp0mgrw+/jdGSjJzkZ0n78hhHMdfM=
github.com/TykTechnologies/tykcommon v0.0.0-20161201171218-94bf3370ac78 h1:nZjH+w6LUWIeRAFATJlCmI87l01pVLojLdKYy3M8GwA=
github.com/TykTechnologies/tykcommon v0.0.0-20161201171218-94bf3370ac78/go.mod h1:sAdQTplL77m3c3mjZXqcrzwQ6QNLMT3cq0WCHjzwito=
github.com/TykTechnologies/tykcommon-logger v0.0.0-20161201171151-7bae07354eba h1:Qj3p8lIlshjK4HOMv9m5A4+8YiT5aoXTeQarL04iOxE=
github.com/TykTechnologies/tykcommon-logger v0.0.0-20161201171151-7bae07354eba/go.mod h1:FiLOHY4HnCKddh71+akHs8/7/HSJcTyc/S4G0xCVAKA=
github.com/cenk/backoff v1.0.1-0.20161020194410-b02f2bbce11d h1:B6DqlHwiOUYXCHWQV+95BxFkAEKpLne0mNgsWfirH7g=
github.com/cenk/backoff v1.0.1-0.20161020194410-b02f2bbce11d/go.mod h1:7FtoeaSnHoZnmZzz47cM35Y9nSW7tNyaidugnHTaFDE=
github.com/census-instrumentation/opencensus-proto v0.2.1/go.mod h1:f6KPmirojxKA12rnyqOA5BBL4O983OfeGPqjHWSTneU=
github.com/certifi/gocertifi v0.0.0-20160926115448-a61bf5eafa3a h1:zmAIZ9hpjwOsxZ/no776lftrcUR2w0lPiDq3tOBZjh4=
github.com/certifi/gocertifi v0.0.0-20160926115448-a61bf5eafa3a/go.mod h1:GJKEexRPVJrBSOjoqN5VNOIKJ5Q3RViH6eu3puDRwx4=
github.com/clbanning/mxj v0.0.0-20161109142845-be8d58af4317 h1:pBa5GKb8m9U6z9KxuBvESYF5Rb+W1kvRes3UKX913Hg=
github.com/clbanning/mxj v0.0.0-20161109142845-be8d58af4317/go.mod h1:BVjHeAH+rl9rs6f+QIpeRl0tfu10SXn1pUSa5PVGJng=
github.com/client9/misspell v0.3.4/go.mod h1:qj6jICC3Q7zFZvVWo7KLAzC3yx5G7kyvSDkc90ppPyw=
github.com/cncf/udpa/go v0.0.0-20191209042840-269d4d468f6f/go.mod h1:M8M6+tZqaGXZJjfX53e64911xZQV5JYwmTeXPW+k8Sc=
github.com/davecgh/go-spew v1.1.0/go.mod h1:J7Y8YcW2NihsgmVo/mv3lAwl/skON4iLHjSsI+c5H38=
github.com/davecgh/go-spew v1.1.1 h1:vj9j/u1bqnvCEfJOwUhtlOARqs3+rkHYY13jYWTU97c=
github.com/davecgh/go-spew v1.1.1/go.mod h1:J7Y8YcW2NihsgmVo/mv3lAwl/skON4iLHjSsI+c5H38=
github.com/dgrijalva/jwt-go v3.0.1-0.20161101193935-9ed569b5d1ac+incompatible h1:nBDeei+Kh2/zeFbpeGxwTTw/3cpazdo4cyURcV8PXs8=
github.com/dgrijalva/jwt-go v3.0.1-0.20161101193935-9ed569b5d1ac+incompatible/go.mod h1:E3ru+11k8xSBh+hMPgOLZmtrrCbhqsmaPHjLKYnJCaQ=
github.com/docopt/docopt.go v0.0.0-20160216232012-784ddc588536 h1:/YmFhiw1vfVPxHqlKgGR3VqdRh8yPQMOhAAOZjQhoLI=
github.com/docopt/docopt.go v0.0.0-20160216232012-784ddc588536/go.mod h1:l7JNRynTRuqe45tpIyItHNqZWTxywYjp87MWTOnU5cg=
github.com/emanoelxavier/openid2go v0.0.0-20190718021401-6345b638bfc9 h1:4n78QDindikXW3o6Iqrjr7hX0pYxNg513DEEYsDSe+o=
github.com/emanoelxavier/openid2go v0.0.0-20190718021401-6345b638bfc9/go.mod h1:hahZBazACLtwLVO5XoLT8pPXTGfRt5bK6XddHEy/XUk=
github.com/envoyproxy/go-control-plane v0.9.0/go.mod h1:YTl/9mNaCwkRvm6d1a2C3ymFceY/DCBVvsKhRF0iEA4=
github.com/envoyproxy/go-control-plane v0.9.1-0.20191026205805-5f8ba28d4473/go.mod h1:YTl/9mNaCwkRvm6d1a2C3ymFceY/DCBVvsKhRF0iEA4=
github.com/envoyproxy/go-control-plane v0.9.4/go.mod h1:6rpuAdCZL397s3pYoYcLgu1mIlRU8Am5FuJP05cCM98=
github.com/envoyproxy/protoc-gen-validate v0.1.0/go.mod h1:iSmxcyjqTsJpI2R4NaDN7+kN2VEUnK/pcBlmesArF7c=
github.com/facebookgo/atomicfile v0.0.0-20151019160806-2de1f203e7d5 h1:BBso6MBKW8ncyZLv37o+KNyy0HrrHgfnOaGQC2qvN+A=
github.com/facebookgo/atomicfile v0.0.0-20151019160806-2de1f203e7d5/go.mod h1:JpoxHjuQauoxiFMl1ie8Xc/7TfLuMZ5eOCONd1sUBHg=
github.com/facebookgo/clock v0.0.0-20150410010913-600d898af40a h1:yDWHCSQ40h88yih2JAcL6Ls/kVkSE8GFACTGVnMPruw=
github.com/facebookgo/clock v0.0.0-20150410010913-600d898af40a/go.mod h1:7Ga40egUymuWXxAe151lTNnCv97MddSOVsjpPPkityA=
github.com/facebookgo/pidfile v0.0.0-20150612191647-f242e2999868 h1:KZ75X3ZCl6yy4jg9R1ziYoCZFDBRqildm+fGComWU7U=
github.com/facebookgo/pidfile v0.0.0-20150612191647-f242e2999868/go.mod h1:3Hzo46xzfVpIdv4lJw7YBp9fUJ7HpUgbjH1fFDgy4qM=
github.com/fatih/structs v0.0.0-20160807235529-dc3312cb1a45 h1:SmGLF6DwUks6Rhs/aehI/q5S47HQpC/fE9TtQjunurs=
github.com/fatih/structs v0.0.0-20160807235529-dc3312cb1a45/go.mod h1:9NiDSp5zOcgEDl+j00MP/WkGVPOlPRLejGD8Ga6PJ7M=
github.com/franela/goblin v0.0.0-20211003143422-0a4f594942bf h1:NrF81UtW8gG2LBGkXFQFqlfNnvMt9WdB46sfdJY4oqc=
github.com/franela/goblin v0.0.0-20211003143422-0a4f594942bf/go.mod h1:VzmDKDJVZI3aJmnRI9VjAn9nJ8qPPsN1fqzr9dqInIo=
github.com/franela/goreq v0.0.0-20160508000357-fc08df6ca2d4 h1:zhjwfwtSgBh8lM2zKoajuh8vgu1Bkhrz6v1magKgTdA=
github.com/franela/goreq v0.0.0-20160508000357-fc08df6ca2d4/go.mod h1:ZhphrRTfi2rbfLwlschooIH4+wKKDR4Pdxhh+TRoA20=
github.com/fsnotify/fsnotify v1.4.7/go.mod h1:jwhsz4b93w/PPRr/qN1Yymfu8t87LnFCMoQvtojpjFo=
github.com/fsnotify/fsnotify v1.4.9/go.mod h1:znqG4EE+3YCdAaPaxE2ZRY/06pZUdp0tY4IgpuI1SZQ=
github.com/garyburd/redigo v1.0.1-0.20161024014702-80f7de34463b h1:tkMSUXKntE9nZcEukMvlDLlQyEBtRa2kytUf+iNhm+g=
github.com/garyburd/redigo v1.0.1-0.20161024014702-80f7de34463b/go.mod h1:NR3MbYisc3/PwhQ00EMzDiPmrwpPxAn5GI05/YaO1SY=
github.com/gemnasium/logrus-graylog-hook v2.0.7+incompatible h1:lgnKqRfXdYPljf5yj0SOYSH+i29U8E3KKzdOIWsHZno=
github.com/gemnasium/logrus-graylog-hook v2.0.7+incompatible/go.mod h1:85jwR23cg8rapnMQj96B9pX4XzmkXMNAPVfnnUNP8Dk=
github.com/getsentry/raven-go v0.0.0-20161115135411-3f7439d3e74d h1:l+MZegqjcffeVt3U7OldySISIA+wDlizPTz9Ki2u3k4=
github.com/getsentry/raven-go v0.0.0-20161115135411-3f7439d3e74d/go.mod h1:KungGk8q33+aIAZUIVWZDr2OfAEBsO49PX4NzFV5kcQ=
github.com/go-task/slim-sprig v0.0.0-20210107165309-348f09dbbbc0/go.mod h1:fyg7847qk6SyHyPtNmDHnmrv/HOrqktSC+C9fM+CJOE=
github.com/gocraft/health v0.0.0-20160711124728-25b40f858016 h1:CT9sp0UbxQaKB8LdHO8WnuJEAviHFgEucli4dLt2oQ8=
github.com/gocraft/health v0.0.0-20160711124728-25b40f858016/go.mod h1:rWibcVfwbUxi/QXW84U7vNTcIcZFd6miwbt8ritxh/Y=
github.com/golang/glog v0.0.0-20160126235308-23def4e6c14b/go.mod h1:SBH7ygxi8pfUlaOkMMuAQtPIUF8ecWP5IEl/CR7VP2Q=
github.com/golang/mock v1.1.1/go.mod h1:oTYuIxOrZwtPieC+H1uAHpcLFnEyAGVDL/k47Jfbm0A=
github.com/golang/protobuf v1.2.0/go.mod h1:6lQm79b+lXiMfvg/cZm0SGofjICqVBUtrP5yJMmIC1U=
github.com/golang/protobuf v1.3.1/go.mod h1:6lQm79b+lXiMfvg/cZm0SGofjICqVBUtrP5yJMmIC1U=
github.com/golang/protobuf v1.3.2/go.mod h1:6lQm79b+lXiMfvg/cZm0SGofjICqVBUtrP5yJMmIC1U=
github.com/golang/protobuf v1.3.3/go.mod h1:vzj43D7+SQXF/4pzW/hwtAqwc6iTitCiVSaWz5lYuqw=
github.com/golang/protobuf v1.4.0-rc.1/go.mod h1:ceaxUfeHdC40wWswd/P6IGgMaK3YpKi5j83Wpe3EHw8=
github.com/golang/protobuf v1.4.0-rc.1.0.20200221234624-67d41d38c208/go.mod h1:xKAWHe0F5eneWXFV3EuXVDTCmh+JuBKY0li0aMyXATA=
github.com/golang/protobuf v1.4.0-rc.2/go.mod h1:LlEzMj4AhA7rCAGe4KMBDvJI+AwstrUpVNzEA03Pprs=
github.com/golang/protobuf v1.4.0-rc.4.0.20200313231945-b860323f09d0/go.mod h1:WU3c8KckQ9AFe+yFwt9sWVRKCVIyN9cPHBJSNnbL67w=
github.com/golang/protobuf v1.4.0/go.mod h1:jodUvKwWbYaEsadDk5Fwe5c77LiNKVO9IDvqG2KuDX0=
github.com/golang/protobuf v1.4.1/go.mod h1:U8fpvMrcmy5pZrNK1lt4xCsGvpyWQ/VVv6QDs8UjoX8=
github.com/golang/protobuf v1.4.2/go.mod h1:oDoupMAO8OvCJWAcko0GGGIgR6R6ocIYbsSw735rRwI=
github.com/golang/protobuf v1.5.0/go.mod h1:FsONVRAS9T7sI+LIUmWTfcYkHO4aIWwzhcaSAoJOfIk=
github.com/golang/protobuf v1.5.2 h1:ROPKBNFfQgOUMifHyP+KYbvpjbdoFNs+aK7DXlji0Tw=
github.com/golang/protobuf v1.5.2/go.mod h1:XVQd3VNwM+JqD3oG2Ue2ip4fOMUkwXdXDdiuN0vRsmY=
github.com/google/go-cmp v0.2.0/go.mod h1:oXzfMopK8JAjlY9xF4vHSVASa0yLyX7SntLO5aqRK0M=
github.com/google/go-cmp v0.3.0/go.mod h1:8QqcDgzrUqlUb/G2PQTWiueGozuR1884gddMywk6iLU=
github.com/google/go-cmp v0.3.1/go.mod h1:8QqcDgzrUqlUb/G2PQTWiueGozuR1884gddMywk6iLU=
github.com/google/go-cmp v0.4.0/go.mod h1:v8dTdLbMG2kIc/vJvl+f65V22dbkXbowE6jgT/gNBxE=
github.com/google/go-cmp v0.5.5 h1:Khx7svrCpmxxtHBq5j2mp/xVjsi8hQMfNLvJFAlrGgU=
github.com/google/go-cmp v0.5.5/go.mod h1:v8dTdLbMG2kIc/vJvl+f65V22dbkXbowE6jgT/gNBxE=
github.com/gorilla/context v1.1.1 h1:AWwleXJkX/nhcU9bZSnZoi3h/qGYqQAGhq6zZe/aQW8=
github.com/gorilla/context v1.1.1/go.mod h1:kBGZzfjB9CEq2AlWe17Uuf7NDRt0dE0s8S51q0aT7Yg=
github.com/gorilla/mux v0.0.0-20160920230813-757bef944d0f h1:MMWIc1CNY0wbzX1vf1pTaNeK7X1gQQg036wVnlYPsaI=
github.com/gorilla/mux v0.0.0-20160920230813-757bef944d0f/go.mod h1:1lud6UwP+6orDFRuTfBEV8e9/aOM/c4fVVCaMa2zaAs=
github.com/hpcloud/tail v1.0.0/go.mod h1:ab1qPbhIpdTxEkNHXyeSf5vhxWSCs/tWer42PpOxQnU=
github.com/jeffail/tunny v0.0.0-20161022001056-c757dde1c296 h1:TKd0bjVQHH6KpatbOX1LZfpa+jPTdC8Z8UrJhnHDLx8=
github.com/jeffail/tunny v0.0.0-20161022001056-c757dde1c296/go.mod h1:xEtIQqKezH16r1oRe/zbA9XJ3nqMCcD5POAF/VhfXns=
github.com/justinas/alice v0.0.0-20160910103822-1051eaf52fca h1:xI08OYkay8GUWM+KukP7RodNgkaBCgwQptWfuO8cX70=
github.com/justinas/alice v0.0.0-20160910103822-1051eaf52fca/go.mod h1:oLH0CmIaxCGXD67VKGR5AacGXZSMznlmeqM8RzPrcY8=
github.com/kelseyhightower/envconfig v1.2.0 h1:ShuWkCxhdgKvpbfMMuCPjAKfdMDS/iClYwdQDByknVk=
github.com/kelseyhightower/envconfig v1.2.0/go.mod h1:cccZRl6mQpaq41TPp5QxidR+Sa3axMbJDNb//FQX6Gg=
github.com/kr/pretty v0.2.1 h1:Fmg33tUaq4/8ym9TJN1x7sLJnHVwhP33CNkpYV/7rwI=
github.com/kr/pretty v0.2.1/go.mod h1:ipq/a2n7PKx3OHsz4KJII5eveXtPO4qwEXGdVfWzfnI=
github.com/kr/pty v1.1.1/go.mod h1:pFQYn66WHrOpPYNljwOMqo10TkYh1fy3cYio2l3bCsQ=
github.com/kr/text v0.1.0 h1:45sCR5RtlFHMR4UwH9sdQ5TC8v0qDQCHnXt+kaKSTVE=
github.com/kr/text v0.1.0/go.mod h1:4Jbv+DJW3UT/LiOwJeYQe1efqtUx/iVham/4vfdArNI=
github.com/lonelycode/gabs v0.0.0-20150430202513-4f7cc4b25a3a h1:ZoUXpI1+zl2AcC2yE/QwMJmGxe3+HjZwknsGnITvwA0=
github.com/lonelycode/gabs v0.0.0-20150430202513-4f7cc4b25a3a/go.mod h1:sMGxB/W1dIGjtDX9yyTBx7EXqnpWHXyvBLhAzwVXNTw=
github.com/lonelycode/go-uuid v0.0.0-20141202165402-ed3ca8a15a93 h1:WcaWCUFwpiRpIjcM7u27kuy2p5zPLC1KRxB3/bJ7XsI=
github.com/lonelycode/go-uuid v0.0.0-20141202165402-ed3ca8a15a93/go.mod h1:ZjpSGzPgHSthaPv5L+rBEMIwrr5Uto0pKPwHmCHRkUM=
github.com/lonelycode/gorpc v0.0.0-20150611142437-5108a99af713 h1:1yOHjYXDh/BsDAWeIs9McGccTUHLFLjqeJv/jzrEPvM=
github.com/lonelycode/gorpc v0.0.0-20150611142437-5108a99af713/go.mod h1:t5qA4uRnKZI7TXe0y4FhTQ8s7tGLVgYvcnGTboTvKjc=
github.com/lonelycode/osin v0.0.0-20160423095202-da239c9dacb6 h1:G2UYdR7/shMh7NMp2ETozj6zlqU5M8b0VqRbdxTXciU=
github.com/lonelycode/osin v0.0.0-20160423095202-da239c9dacb6/go.mod h1:x4kc0i0iLfRkNWchVMcLjy+Txcz3XqNbr8iRUGFduLQ=
github.com/lonelycode/redigocluster v0.0.0-20170105074930-488cecc7456e h1:cEblg2LJQRRUIon2u7QWs4iuxJRg/w5813Xzcu2U6Bk=
github.com/lonelycode/redigocluster v0.0.0-20170105074930-488cecc7456e/go.mod h1:rstm/bLex1G/fk16xeWcpInpaN8x1wQZ7lLfxen2pMY=
github.com/mavricknz/asn1-ber v0.0.0-20151103223136-b9df1c2f4213 h1:3DongGRjJZvIFDq063tg76LKlGhA7O0TVqoPql0Zfbk=
github.com/mavricknz/asn1-ber v0.0.0-20151103223136-b9df1c2f4213/go.mod h1:v/ZufymxjcI3pnNmQIUQQKxnHLTblrjZ4MNLs5DrZ1o=
github.com/mavricknz/ldap v0.0.0-20160227184754-f5a958005e43 h1:x4SDcUPDTMzuFEdWe5lTznj1echpsd0ApTkZOdwtm7g=
github.com/mavricknz/ldap v0.0.0-20160227184754-f5a958005e43/go.mod h1:z76yvVwVulPd8FyifHe8UEHeud6XXaSan0ibi2sDy6w=
github.com/mgutz/ansi v0.0.0-20150914162238-c286dcecd19f h1:9RKjtkGo+3aNumDva3Gdia9GAYWSHhlh/QHEsTgBF6Y=
github.com/mgutz/ansi v0.0.0-20150914162238-c286dcecd19f/go.mod h1:01TrycV0kFyexm33Z7vhZRXopbI8J3TDReVlkTgMUxE=
github.com/mitchellh/mapstructure v0.0.0-20161020161836-f3009df150da h1:z1HPq7I0Eajh3On8i7MEfqOurIg+aCllNR3omoF2UNY=
github.com/mitchellh/mapstructure v0.0.0-20161020161836-f3009df150da/go.mod h1:FVVH3fgwuzCH5S8UJGiWEs2h04kUh9fWfEaFds41c1Y=
github.com/nu7hatch/gouuid v0.0.0-20131221200532-179d4d0c4d8d h1:VhgPp6v9qf9Agr/56bj7Y/xa04UccTW04VP0Qed4vnQ=
github.com/nu7hatch/gouuid v0.0.0-20131221200532-179d4d0c4d8d/go.mod h1:YUTz3bUH2ZwIWBy3CJBeOBEugqcmXREj14T+iG/4k4U=
github.com/nxadm/tail v1.4.4/go.mod h1:kenIhsEOeOJmVchQTgglprH7qJGnHDVpk1VPCcaMI8A=
github.com/nxadm/tail v1.4.8/go.mod h1:+ncqLTQzXmGhMZNUePPaPqPvBxHAIsmXswZKocGu+AU=
github.com/onsi/ginkgo v1.6.0/go.mod h1:lLunBs/Ym6LB5Z9jYTR76FiuTmxDTDusOGeTQH+WWjE=
github.com/onsi/ginkgo v1.12.1/go.mod h1:zj2OWP4+oCPe1qIXoGWkgMRwljMUYCdkwsT2108oapk=
github.com/onsi/ginkgo v1.16.4/go.mod h1:dX+/inL/fNMqNlz0e9LfyB9TswhZpCVdJM/Z6Vvnwo0=
github.com/onsi/gomega v1.7.1/go.mod h1:XdKZgCCFLUoM/7CFJVPcG8C1xQ1AJ0vpAezJrB7JYyY=
github.com/onsi/gomega v1.10.1/go.mod h1:iN09h71vgCQne3DLsj+A5owkum+a2tYe+TOCB1ybHNo=
github.com/onsi/gomega v1.17.0 h1:9Luw4uT5HTjHTN8+aNcSThgH1vdXnmdJ8xIfZ4wyTRE=
github.com/onsi/gomega v1.17.0/go.mod h1:HnhC7FXeEQY45zxNK3PPoIUhzk/80Xly9PcubAlGdZY=
github.com/oschwald/maxminddb-golang v1.0.0 h1:J2B9uC7QU/ySxtQi8UkPyry1JzNGfPyY6YjIHmgTLno=
github.com/oschwald/maxminddb-golang v1.0.0/go.mod h1:3jhIUymTJ5VREKyIhWm66LJiQt04F0UCDdodShpjWsY=
github.com/paulbellamy/ratecounter v0.1.0 h1:FLljiU2IX0ugjoNr1V85RkPMH/od1Rnj/9vnzmTZTfs=
github.com/paulbellamy/ratecounter v0.1.0/go.mod h1:Hfx1hDpSGoqxkVVpBi/IlYD7kChlfo5C6hzIHwPqfFE=
github.com/peterbourgon/g2s v0.0.0-20170223122336-d4e7ad98afea h1:sKwxy1H95npauwu8vtF95vG/syrL0p8fSZo/XlDg5gk=
github.com/peterbourgon/g2s v0.0.0-20170223122336-d4e7ad98afea/go.mod h1:1VcHEd3ro4QMoHfiNl/j7Jkln9+KQuorp0PItHMJYNg=
github.com/pkg/errors v0.8.1-0.20161029093637-248dadf4e906 h1:BKfCEBHnHoXswNe0Btj/zOfiyn40z6qOti8SeLbQgdM=
github.com/pkg/errors v0.8.1-0.20161029093637-248dadf4e906/go.mod h1:bwawxfHBFNV+L2hUp1rHADufV3IMtnDRdf1r5NINEl0=
github.com/pmezard/go-difflib v1.0.0 h1:4DBwDE0NGyQoBHbLQYPwSUPoCMWR5BEzIk/f1lZbAQM=
github.com/pmezard/go-difflib v1.0.0/go.mod h1:iKH77koFhYxTK1pcRnkKkqfTogsbg7gZNVY4sRDYZ/4=
github.com/pmylund/go-cache v2.0.0+incompatible h1:5ZNJ3XnuQrCjvRXItcjhbD27dVFEk7lVqJHbuI696qc=
github.com/pmylund/go-cache v2.0.0+incompatible/go.mod h1:hmz95dGvINpbRZGsqPcd7B5xXY5+EKb5PpGhQY3NTHk=
github.com/prometheus/client_model v0.0.0-20190812154241-14fe0d1b01d4/go.mod h1:xMI15A0UPsDsEKsMN9yxemIoYk6Tm2C1GtYGdfGttqA=
github.com/rcrowley/goagain v0.0.0-20140424170347-f2f192b5d1a9 h1:6AeJ2VG7ijbPJPTW2Mq+hCKQsVJBZGzwGJiIm45eHN8=
github.com/rcrowley/goagain v0.0.0-20140424170347-f2f192b5d1a9/go.mod h1:qqlCbG/0ChzjCGcnvB0Q8x3MyrWPqMCVpej81a2QH5k=
github.com/robertkrimen/otto v0.0.0-20161004124959-bf1c3795ba07 h1:Jw19JVyjuhK0miKtCwAreUtYZ+hpjBJWpkpfSThPNmM=
github.com/robertkrimen/otto v0.0.0-20161004124959-bf1c3795ba07/go.mod h1:xvqspoSXJTIpemEonrMDFq6XzwHYYgToXWj5eRX1OtY=
github.com/rs/cors v0.0.0-20160617231935-a62a804a8a00 h1:8DPul/X0IT/1TNMIxoKLwdemEOBBHDC/K4EB16Cw5WE=
github.com/rs/cors v0.0.0-20160617231935-a62a804a8a00/go.mod h1:gFx+x8UowdsKA9AchylcLynDq+nNFfI8FkUZdN/jGCU=
github.com/rs/xhandler v0.0.0-20160618193221-ed27b6fd6521 h1:3hxavr+IHMsQBrYUPQM5v0CgENFktkkbg1sfpgM3h20=
github.com/rs/xhandler v0.0.0-20160618193221-ed27b6fd6521/go.mod h1:RvLn4FgxWubrpZHtQLnOf6EwhN2hEMusxZOhcW9H3UQ=
github.com/rubyist/circuitbreaker v2.2.1-0.20161116210309-af9583088c34+incompatible h1:DZu9DopH9/1P6CBiNT6PaSqhAv7Y3yR81HG+XiGgZIU=
github.com/rubyist/circuitbreaker v2.2.1-0.20161116210309-af9583088c34+incompatible/go.mod h1:Ycs3JgJADPuzJDwffe12k6BZT8hxVi6lFK+gWYJLN4A=
github.com/sirupsen/logrus v1.8.1 h1:dJKuHgqk1NNQlqoA6BTlM1Wf9DOH3NBjQyu0h9+AZZE=
github.com/sirupsen/logrus v1.8.1/go.mod h1:yWOB1SBYBC5VeMP7gHvWumXLIWorT60ONWic61uBYv0=
github.com/spaolacci/murmur3 v1.1.0 h1:7c1g84S4BPRrfL5Xrdp6fOJ206sU9y293DDHaoy0bLI=
github.com/spaolacci/murmur3 v1.1.0/go.mod h1:JwIasOWyU6f++ZhiEuf87xNszmSA2myDM2Kzu9HwQUA=
github.com/square/go-jose v0.0.0-20161027010314-63d7cfa0284d h1:QyNGtv0d6JyxKalOUN74OQDAY+Ivrtywpv8mDvnd9sc=
github.com/square/go-jose v0.0.0-20161027010314-63d7cfa0284d/go.mod h1:7MxpAF/1WTVUu8Am+T5kNy+t0902CaLWM4Z745MkOa8=
github.com/streamrail/concurrent-map v0.0.0-20160823150647-8bf1e9bacbf6 h1:XklXvOrWxWCDX2n4vdEQWkjuIP820XD6C4kF0O0FzH4=
github.com/streamrail/concurrent-map v0.0.0-20160823150647-8bf1e9bacbf6/go.mod h1:yqDD2twFAqxvvH5gtpwwgLsj5L1kbNwtoPoDOwBzXcs=
github.com/stretchr/objx v0.1.0/go.mod h1:HFkY916IF+rwdDfMAkV7OtwuqBVzrE8GR6GFx+wExME=
github.com/stretchr/testify v1.2.2/go.mod h1:a8OnRcib4nhh0OaRAV+Yts87kKdq0PP7pXfy6kDkUVs=
github.com/stretchr/testify v1.5.1/go.mod h1:5W2xD1RspED5o8YsWQXVCued0rvSQ+mT+I5cxcmMvtA=
github.com/stretchr/testify v1.7.0 h1:nwc3DEeHmmLAfoZucVR881uASk0Mfjw8xYJ99tb5CcY=
github.com/stretchr/testify v1.7.0/go.mod h1:6Fq8oRcR53rry900zMqJjRRixrwX3KX962/h/Wwjteg=
github.com/yuin/goldmark v1.2.1/go.mod h1:3hX8gzYuyVAZsxl0MRgGTJEmQBFcNTphYh9decYSb74=
golang.org/x/crypto v0.0.0-20190308221718-c2843e01d9a2/go.mod h1:djNgcEr1/C05ACkg1iLfiJU5Ep61QUkGW8qpdssI0+w=
golang.org/x/crypto v0.0.0-20191011191535-87dc89f01550/go.mod h1:yigFU9vqHzYiE8UmvKecakEJjdnWj3jj499lnFckfCI=
golang.org/x/crypto v0.0.0-20200622213623-75b288015ac9 h1:psW17arqaxU48Z5kZ0CQnkZWQJsqcURM6tKiBApRjXI=
golang.org/x/crypto v0.0.0-20200622213623-75b288015ac9/go.mod h1:LzIPMQfyMNhhGPhUkYOs5KpL4U8rLKemX1yGLhDgUto=
golang.org/x/exp v0.0.0-20190121172915-509febef88a4/go.mod h1:CJ0aWSM057203Lf6IL+f9T1iT9GByDxfZKAQTCR3kQA=
golang.org/x/lint v0.0.0-20181026193005-c67002cb31c3/go.mod h1:UVdnD1Gm6xHRNCYTkRU2/jEulfH38KcIWyp/GAMgvoE=
golang.org/x/lint v0.0.0-20190227174305-5b3e6a55c961/go.mod h1:wehouNa3lNwaWXcvxsM5YxQ5yQlVC4a0KAMCusXpPoU=
golang.org/x/lint v0.0.0-20190313153728-d0100b6bd8b3/go.mod h1:6SW0HCj/g11FgYtHlgUYUwCkIfeOF89ocIRzGO/8vkc=
golang.org/x/mod v0.3.0/go.mod h1:s0Qsj1ACt9ePp/hMypM3fl4fZqREWJwdYDEqhRiZZUA=
golang.org/x/net v0.0.0-20180724234803-3673e40ba225/go.mod h1:mL1N/T3taQHkDXs73rZJwtUhF3w3ftmwwsq0BUmARs4=
golang.org/x/net v0.0.0-20180826012351-8a410e7b638d/go.mod h1:mL1N/T3taQHkDXs73rZJwtUhF3w3ftmwwsq0BUmARs4=
golang.org/x/net v0.0.0-20180906233101-161cd47e91fd/go.mod h1:mL1N/T3taQHkDXs73rZJwtUhF3w3ftmwwsq0BUmARs4=
golang.org/x/net v0.0.0-20190213061140-3a22650c66bd/go.mod h1:mL1N/T3taQHkDXs73rZJwtUhF3w3ftmwwsq0BUmARs4=
golang.org/x/net v0.0.0-20190311183353-d8887717615a/go.mod h1:t9HGtf8HONx5eT2rtn7q6eTqICYqUVnKs3thJo3Qplg=
golang.org/x/net v0.0.0-20190404232315-eb5bcb51f2a3/go.mod h1:t9HGtf8HONx5eT2rtn7q6eTqICYqUVnKs3thJo3Qplg=
golang.org/x/net v0.0.0-20190603091049-60506f45cf65/go.mod h1:HSz+uSET+XFnRR8LxR5pz3Of3rY3CfYBVs4xY44aLks=
golang.org/x/net v0.0.0-20190620200207-3b0461eec859/go.mod h1:z5CRVTTTmAJ677TzLLGU+0bjPO0LkuOLi4/5GtJWs/s=
golang.org/x/net v0.0.0-20200520004742-59133d7f0dd7/go.mod h1:qpuaurCH72eLCgpAm/N6yyVIVM9cpaDIP3A8BGJEC5A=
golang.org/x/net v0.0.0-20201021035429-f5854403a974/go.mod h1:sp8m0HH+o8qH0wwXwYZr8TS3Oi6o0r6Gce1SSxlDquU=
golang.org/x/net v0.0.0-20210428140749-89ef3d95e781 h1:DzZ89McO9/gWPsQXS/FVKAlG02ZjaQ6AlZRBimEYOd0=
golang.org/x/net v0.0.0-20210428140749-89ef3d95e781/go.mod h1:OJAsFXCWl8Ukc7SiCT/9KSuxbyM7479/AVlXFRxuMCk=
golang.org/x/oauth2 v0.0.0-20180821212333-d2e6202438be/go.mod h1:N/0e6XlmueqKjAGxoOufVs8QHGRruUQn6yWY3a++T0U=
golang.org/x/sync v0.0.0-20180314180146-1d60e4601c6f/go.mod h1:RxMgew5VJxzue5/jJTE5uejpjVlOe/izrB70Jof72aM=
golang.org/x/sync v0.0.0-20181108010431-42b317875d0f/go.mod h1:RxMgew5VJxzue5/jJTE5uejpjVlOe/izrB70Jof72aM=
golang.org/x/sync v0.0.0-20190423024810-112230192c58/go.mod h1:RxMgew5VJxzue5/jJTE5uejpjVlOe/izrB70Jof72aM=
golang.org/x/sync v0.0.0-20201020160332-67f06af15bc9/go.mod h1:RxMgew5VJxzue5/jJTE5uejpjVlOe/izrB70Jof72aM=
golang.org/x/sys v0.0.0-20180830151530-49385e6e1522/go.mod h1:STP8DvDyc/dI5b8T5hshtkjS+E42TnysNCUPdjciGhY=
golang.org/x/sys v0.0.0-20180909124046-d0be0721c37e/go.mod h1:STP8DvDyc/dI5b8T5hshtkjS+E42TnysNCUPdjciGhY=
golang.org/x/sys v0.0.0-20190215142949-d0b11bdaac8a/go.mod h1:STP8DvDyc/dI5b8T5hshtkjS+E42TnysNCUPdjciGhY=
golang.org/x/sys v0.0.0-20190412213103-97732733099d/go.mod h1:h1NjWce9XRLGQEsW7wpKNCjG9DtNlClVuFLEZdDNbEs=
golang.org/x/sys v0.0.0-20190904154756-749cb33beabd/go.mod h1:h1NjWce9XRLGQEsW7wpKNCjG9DtNlClVuFLEZdDNbEs=
golang.org/x/sys v0.0.0-20191005200804-aed5e4c7ecf9/go.mod h1:h1NjWce9XRLGQEsW7wpKNCjG9DtNlClVuFLEZdDNbEs=
golang.org/x/sys v0.0.0-20191026070338-33540a1f6037/go.mod h1:h1NjWce9XRLGQEsW7wpKNCjG9DtNlClVuFLEZdDNbEs=
golang.org/x/sys v0.0.0-20191120155948-bd437916bb0e/go.mod h1:h1NjWce9XRLGQEsW7wpKNCjG9DtNlClVuFLEZdDNbEs=
golang.org/x/sys v0.0.0-20200323222414-85ca7c5b95cd/go.mod h1:h1NjWce9XRLGQEsW7wpKNCjG9DtNlClVuFLEZdDNbEs=
golang.org/x/sys v0.0.0-20200930185726-fdedc70b468f/go.mod h1:h1NjWce9XRLGQEsW7wpKNCjG9DtNlClVuFLEZdDNbEs=
golang.org/x/sys v0.0.0-20201119102817-f84b799fce68/go.mod h1:h1NjWce9XRLGQEsW7wpKNCjG9DtNlClVuFLEZdDNbEs=
golang.org/x/sys v0.0.0-20210112080510-489259a85091/go.mod h1:h1NjWce9XRLGQEsW7wpKNCjG9DtNlClVuFLEZdDNbEs=
golang.org/x/sys v0.0.0-20210423082822-04245dca01da h1:b3NXsE2LusjYGGjL5bxEVZZORm/YEFFrWFjR8eFrw/c=
golang.org/x/sys v0.0.0-20210423082822-04245dca01da/go.mod h1:h1NjWce9XRLGQEsW7wpKNCjG9DtNlClVuFLEZdDNbEs=
golang.org/x/term v0.0.0-20201126162022-7de9c90e9dd1/go.mod h1:bj7SfCRtBDWHUb9snDiAeCFNEtKQo2Wmx5Cou7ajbmo=
golang.org/x/text v0.3.0/go.mod h1:NqM8EUOU14njkJ3fqMW+pc6Ldnwhi/IjpwHt7yyuwOQ=
golang.org/x/text v0.3.2/go.mod h1:bEr9sfX3Q8Zfm5fL9x+3itogRgK3+ptLWKqgva+5dAk=
golang.org/x/text v0.3.3/go.mod h1:5Zoc/QRtKVWzQhOtBMvqHzDpF6irO9z98xDceosuGiQ=
golang.org/x/text v0.3.6 h1:aRYxNxv6iGQlyVaZmk6ZgYEDa+Jg18DxebPSrd6bg1M=
golang.org/x/text v0.3.6/go.mod h1:5Zoc/QRtKVWzQhOtBMvqHzDpF6irO9z98xDceosuGiQ=
golang.org/x/tools v0.0.0-20180917221912-90fa682c2a6e/go.mod h1:n7NCudcB/nEzxVGmLbDWY5pfWTLqBcC2KZ6jyYvM4mQ=
golang.org/x/tools v0.0.0-20190114222345-bf090417da8b/go.mod h1:n7NCudcB/nEzxVGmLbDWY5pfWTLqBcC2KZ6jyYvM4mQ=
golang.org/x/tools v0.0.0-20190226205152-f727befe758c/go.mod h1:9Yl7xja0Znq3iFh3HoIrodX9oNMXvdceNzlUR8zjMvY=
golang.org/x/tools v0.0.0-20190311212946-11955173bddd/go.mod h1:LCzVGOaR6xXOjkQ3onu1FJEFr0SW1gC7cKk1uF8kGRs=
golang.org/x/tools v0.0.0-20190524140312-2c0ae7006135/go.mod h1:RgjU9mgBXZiqYHBnxXauZ1Gv1EHHAz9KjViQ78xBX0Q=
golang.org/x/tools v0.0.0-20191119224855-298f0cb1881e/go.mod h1:b+2E5dAYhXwXZwtnZ6UAqBI28+e2cm9otk0dWdXHAEo=
golang.org/x/tools v0.0.0-20201224043029-2b0845dc783e/go.mod h1:emZCQorbCU4vsT4fOWvOPXz4eW1wZW4PmDk9uLelYpA=
golang.org/x/xerrors v0.0.0-20190717185122-a985d3407aa7/go.mod h1:I/5z698sn9Ka8TeJc9MKroUUfqBBauWjQqLJ2OPfmY0=
golang.org/x/xerrors v0.0.0-20191011141410-1b5146add898/go.mod h1:I/5z698sn9Ka8TeJc9MKroUUfqBBauWjQqLJ2OPfmY0=
golang.org/x/xerrors v0.0.0-20191204190536-9bdfabe68543/go.mod h1:I/5z698sn9Ka8TeJc9MKroUUfqBBauWjQqLJ2OPfmY0=
golang.org/x/xerrors v0.0.0-20200804184101-5ec99f83aff1 h1:go1bK/D/BFZV2I8cIQd1NKEZ+0owSTG1fDTci4IqFcE=
golang.org/x/xerrors v0.0.0-20200804184101-5ec99f83aff1/go.mod h1:I/5z698sn9Ka8TeJc9MKroUUfqBBauWjQqLJ2OPfmY0=
google.golang.org/appengine v1.1.0/go.mod h1:EbEs0AVv82hx2wNQdGPgUI5lhzA/G0D9YwlJXL52JkM=
google.golang.org/appengine v1.4.0/go.mod h1:xpcJRLb0r/rnEns0DIKYYv+WjYCduHsrkT7/EB5XEv4=
google.golang.org/appengine v1.6.7 h1:FZR1q0exgwxzPzp/aF+VccGrSfxfPpkBqjIIEq3ru6c=
google.golang.org/appengine v1.6.7/go.mod h1:8WjMMxjGQR8xUklV/ARdw2HLXBOI7O7uCIDZVag1xfc=
google.golang.org/genproto v0.0.0-20180817151627-c66870c02cf8/go.mod h1:JiN7NxoALGmiZfu7CAH4rXhgtRTLTxftemlI0sWmxmc=
google.golang.org/genproto v0.0.0-20190819201941-24fa4b261c55/go.mod h1:DMBHOl98Agz4BDEuKkezgsaosCRResVns1a3J2ZsMNc=
google.golang.org/genproto v0.0.0-20200526211855-cb27e3aa2013/go.mod h1:NbSheEEYHJ7i3ixzK3sjbqSGDJWnxyFXZblF3eUsNvo=
google.golang.org/genproto v0.0.0-20200825200019-8632dd797987 h1:PDIOdWxZ8eRizhKa1AAvY53xsvLB1cWorMjslvY3VA8=
google.golang.org/genproto v0.0.0-20200825200019-8632dd797987/go.mod h1:FWY/as6DDZQgahTzZj3fqbO1CbirC29ZNUFHwi0/+no=
google.golang.org/grpc v1.19.0/go.mod h1:mqu4LbDTu4XGKhr4mRzUsmM4RtVoemTSY81AxZiDr8c=
google.golang.org/grpc v1.23.0/go.mod h1:Y5yQAOtifL1yxbo5wqy6BxZv8vAUGQwXBOALyacEbxg=
google.golang.org/grpc v1.25.1/go.mod h1:c3i+UQWmh7LiEpx4sFZnkU36qjEYZ0imhYfXVyQciAY=
google.golang.org/grpc v1.27.0/go.mod h1:qbnxyOmOxrQa7FizSgH+ReBfzJrCY1pSN7KXBS8abTk=
google.golang.org/grpc v1.31.0 h1:T7P4R73V3SSDPhH7WW7ATbfViLtmamH0DKrP3f9AuDI=
google.golang.org/grpc v1.31.0/go.mod h1:N36X2cJ7JwdamYAgDz+s+rVMFjt3numwzf/HckM8pak=
google.golang.org/protobuf v0.0.0-20200109180630-ec00e32a8dfd/go.mod h1:DFci5gLYBciE7Vtevhsrf46CRTquxDuWsQurQQe4oz8=
google.golang.org/protobuf v0.0.0-20200221191635-4d8936d0db64/go.mod h1:kwYJMbMJ01Woi6D6+Kah6886xMZcty6N08ah7+eCXa0=
google.golang.org/protobuf v0.0.0-20200228230310-ab0ca4ff8a60/go.mod h1:cfTl7dwQJ+fmap5saPgwCLgHXTUD7jkjRqWcaiX5VyM=
google.golang.org/protobuf v1.20.1-0.20200309200217-e05f789c0967/go.mod h1:A+miEFZTKqfCUM6K7xSMQL9OKL/b6hQv+e19PK+JZNE=
google.golang.org/protobuf v1.21.0/go.mod h1:47Nbq4nVaFHyn7ilMalzfO3qCViNmqZ2kzikPIcrTAo=
google.golang.org/protobuf v1.22.0/go.mod h1:EGpADcykh3NcUnDUJcl1+ZksZNG86OlYog2l/sGQquU=
google.golang.org/protobuf v1.23.0/go.mod h1:EGpADcykh3NcUnDUJcl1+ZksZNG86OlYog2l/sGQquU=
google.golang.org/protobuf v1.23.1-0.20200526195155-81db48ad09cc/go.mod h1:EGpADcykh3NcUnDUJcl1+ZksZNG86OlYog2l/sGQquU=
google.golang.org/protobuf v1.24.0/go.mod h1:r/3tXBNzIEhYS9I1OUVjXDlt8tc493IdKGjtUeSXeh4=
google.golang.org/protobuf v1.26.0-rc.1/go.mod h1:jlhhOSvTdKEhbULTjvd4ARK9grFBp09yW+WbY/TyQbw=
google.golang.org/protobuf v1.26.0 h1:bxAC2xTBsZGibn2RTntX0oH50xLsqy1OxA9tTL3p/lk=
google.golang.org/protobuf v1.26.0/go.mod h1:9q0QmTI4eRPtz6boOQmLYwt+qCgq0jsYwAQnmE0givc=
gopkg.in/check.v1 v0.0.0-20161208181325-20d25e280405/go.mod h1:Co6ibVJAznAaIkqp8huTwlJQCZ016jof/cbN4VW5Yz0=
gopkg.in/check.v1 v1.0.0-20201130134442-10cb98267c6c h1:Hei/4ADfdWqJk1ZMxUNpqntNwaWcugrBjAiHlqqRiVk=
gopkg.in/check.v1 v1.0.0-20201130134442-10cb98267c6c/go.mod h1:JHkPIbrfpd72SG/EVd6muEfDQjcINNoR0C8j2r3qZ4Q=
gopkg.in/fsnotify.v1 v1.4.7/go.mod h1:Tz8NjZHkW78fSQdbUxIjBTcgA1z1m8ZHf0WmKUhAMys=
gopkg.in/mgo.v2 v2.0.0-20160818020120-3f83fa500528 h1:/saqWwm73dLmuzbNhe92F0QsZ/KiFND+esHco2v1hiY=
gopkg.in/mgo.v2 v2.0.0-20160818020120-3f83fa500528/go.mod h1:yeKp02qBN3iKW1OzL3MGk2IdtZzaj7SFntXj72NppTA=
gopkg.in/sourcemap.v1 v1.0.3 h1:/cqLW94A7+xWBmK3hp6rv28C+2ervQ4nB52YIkGitvE=
gopkg.in/sourcemap.v1 v1.0.3/go.mod h1:2RlvNNSMglmRrcvhfuzp4hQHwOtjxlbjX7UPY/GXb78=
gopkg.in/square/go-jose.v2 v2.6.0 h1:NGk74WTnPKBNUhNzQX7PYcTLUjoq7mzKk2OKbvwk2iI=
gopkg.in/square/go-jose.v2 v2.6.0/go.mod h1:M9dMgbHiYLoDGQrXy7OpJDJWiKiU//h+vD76mk0e1AI=
gopkg.in/tomb.v1 v1.0.0-20141024135613-dd632973f1e7/go.mod h1:dt/ZhP58zS4L8KSrWDmTeBkI65Dw0HsyUHuEVlX15mw=
gopkg.in/vmihailenco/msgpack.v2 v2.7.4 h1:wAy0oc6rFtax+qrPl+UrOyDw9yrTIGFi3Q9cicDZ9l0=
gopkg.in/vmihailenco/msgpack.v2 v2.7.4/go.mod h1:/3Dn1Npt9+MYyLpYYXjInO/5jvMLamn+AEGwNEOatn8=
gopkg.in/xmlpath.v2 v2.0.0-20150820204837-860cbeca3ebc h1:LMEBgNcZUqXaP7evD1PZcL6EcDVa2QOFuI+cqM3+AJM=
gopkg.in/xmlpath.v2 v2.0.0-20150820204837-860cbeca3ebc/go.mod h1:N8UOSI6/c2yOpa/XDz3KVUiegocTziPiqNkeNTMiG1k=
gopkg.in/yaml.v2 v2.2.2/go.mod h1:hI93XBmqTisBFMUTm0b8Fm+jr3Dg1NNxqwp+5A1VGuI=
gopkg.in/yaml.v2 v2.2.4/go.mod h1:hI93XBmqTisBFMUTm0b8Fm+jr3Dg1NNxqwp+5A1VGuI=
gopkg.in/yaml.v2 v2.3.0/go.mod h1:hI93XBmqTisBFMUTm0b8Fm+jr3Dg1NNxqwp+5A1VGuI=
gopkg.in/yaml.v2 v2.4.0 h1:D8xgwECY7CYvx+Y2n4sBz93Jn9JRvxdiyyo8CTfuKaY=
gopkg.in/yaml.v2 v2.4.0/go.mod h1:RDklbk79AGWmwhnvt/jBztapEOGDOx6ZbXqjP6csGnQ=
gopkg.in/yaml.v3 v3.0.0-20200313102051-9f266ea9e77c h1:dUUwHk2QECo/6vqA44rthZ8ie2QXMNeKRTHCNY2nXvo=
gopkg.in/yaml.v3 v3.0.0-20200313102051-9f266ea9e77c/go.mod h1:K4uyk7z7BCEPqu6E+C64Yfv1cQ7kz7rIZviUmN+EgEM=
honnef.co/go/tools v0.0.0-20190102054323-c2f93a96b099/go.mod h1:rf3lG4BRIbNafJWhAfAdb/ePZxsR/4RtNHQocxwk9r4=
honnef.co/go/tools v0.0.0-20190523083050-ea95bdfd59fc/go.mod h1:rf3lG4BRIbNafJWhAfAdb/ePZxsR/4RtNHQocxwk9r4=
rsc.io/letsencrypt v0.0.3 h1:H7xDfhkaFFSYEJlKeq38RwX2jYcnTeHuDQyT+mMNMwM=
rsc.io/letsencrypt v0.0.3/go.mod h1:buyQKZ6IXrRnB7TdkHP0RyEybLx18HHyOSoTyoOLqNY=
